
Microsoft Visual Studio Solution File, Format Version 12.00
# Visual Studio Version 16
VisualStudioVersion = 16.0.29926.136
MinimumVisualStudioVersion = 10.0.40219.1
Project("{FAE04EC0-301F-11D3-BF4B-00C04F79EFBC}") = "WindowsFormsLab1", "WindowsFormsLab1\WindowsFormsLab1.csproj", "{69ED7894-2CCB-4CA8-8CFC-EDD8DDE84238}"
EndProject
Global
	GlobalSection(SolutionConfigurationPlatforms) = preSolution
		Debug|Any CPU = Debug|Any CPU
		Release|Any CPU = Release|Any CPU
	EndGlobalSection
	GlobalSection(ProjectConfigurationPlatforms) = postSolution
		{69ED7894-2CCB-4CA8-8CFC-EDD8DDE84238}.Debug|Any CPU.ActiveCfg = Debug|Any CPU
		{69ED7894-2CCB-4CA8-8CFC-EDD8DDE84238}.Debug|Any CPU.Build.0 = Debug|Any CPU
		{69ED7894-2CCB-4CA8-8CFC-EDD8DDE84238}.Release|Any CPU.ActiveCfg = Release|Any CPU
		{69ED7894-2CCB-4CA8-8CFC-EDD8DDE84238}.Release|Any CPU.Build.0 = Release|Any CPU
	EndGlobalSection
	GlobalSection(SolutionProperties) = preSolution
		HideSolutionNode = FALSE
	EndGlobalSection
	GlobalSection(ExtensibilityGlobals) = postSolution
		SolutionGuid = {ECB10804-1FFC-4CA1-B9B6-BB09601E2FF3}
	EndGlobalSection
EndGlobal
